
Microsoft Visual Studio Solution File, Format Version 12.00
# Visual Studio Version 16
VisualStudioVersion = 16.0.31702.278
MinimumVisualStudioVersion = 10.0.40219.1
Project("{FAE04EC0-301F-11D3-BF4B-00C04F79EFBC}") = "BudgetManager", "BudgetManager\BudgetManager.csproj", "{C8FA034A-B5CE-4A18-92E6-D6BCA8137553}"
EndProject
Global
	GlobalSection(SolutionConfigurationPlatforms) = preSolution
		Debug|Any CPU = Debug|Any CPU
		Release|Any CPU = Release|Any CPU
	EndGlobalSection
	GlobalSection(ProjectConfigurationPlatforms) = postSolution
		{C8FA034A-B5CE-4A18-92E6-D6BCA8137553}.Debug|Any CPU.ActiveCfg = Debug|Any CPU
		{C8FA034A-B5CE-4A18-92E6-D6BCA8137553}.Debug|Any CPU.Build.0 = Debug|Any CPU
		{C8FA034A-B5CE-4A18-92E6-D6BCA8137553}.Release|Any CPU.ActiveCfg = Release|Any CPU
		{C8FA034A-B5CE-4A18-92E6-D6BCA8137553}.Release|Any CPU.Build.0 = Release|Any CPU
	EndGlobalSection
	GlobalSection(SolutionProperties) = preSolution
		HideSolutionNode = FALSE
	EndGlobalSection
	GlobalSection(ExtensibilityGlobals) = postSolution
		SolutionGuid = {933A7E63-F921-4880-9175-BB656FFD6331}
	EndGlobalSection
EndGlobal
